
Microsoft Visual Studio Solution File, Format Version 12.00
# Visual Studio 15
VisualStudioVersion = 15.0.28307.757
MinimumVisualStudioVersion = 10.0.40219.1
Project("{FAE04EC0-301F-11D3-BF4B-00C04F79EFBC}") = "Heap", "Heap\Heap.csproj", "{8FF6846A-A12A-4AB1-8041-B6E21748551B}"
EndProject
Global
	GlobalSection(SolutionConfigurationPlatforms) = preSolution
		Debug|Any CPU = Debug|Any CPU
		Release|Any CPU = Release|Any CPU
	EndGlobalSection
	GlobalSection(ProjectConfigurationPlatforms) = postSolution
		{8FF6846A-A12A-4AB1-8041-B6E21748551B}.Debug|Any CPU.ActiveCfg = Debug|Any CPU
		{8FF6846A-A12A-4AB1-8041-B6E21748551B}.Debug|Any CPU.Build.0 = Debug|Any CPU
		{8FF6846A-A12A-4AB1-8041-B6E21748551B}.Release|Any CPU.ActiveCfg = Release|Any CPU
		{8FF6846A-A12A-4AB1-8041-B6E21748551B}.Release|Any CPU.Build.0 = Release|Any CPU
	EndGlobalSection
	GlobalSection(SolutionProperties) = preSolution
		HideSolutionNode = FALSE
	EndGlobalSection
	GlobalSection(ExtensibilityGlobals) = postSolution
		SolutionGuid = {CCFA1C3E-9702-4113-9892-0A369BA5D1A6}
	EndGlobalSection
EndGlobal
